// !$*UTF8*$!
{
	archiveVersion = 1;
	classes = {
	};
	objectVersion = 46;
	objects = {

/* Begin PBXBuildFile section */
		622CA4C01E9C59870081C011 /* NewPlayerViewController.swift in Sources */ = {isa = PBXBuildFile; fileRef = 622CA4BF1E9C59870081C011 /* NewPlayerViewController.swift */; };
		992AC4921E9BF0BA00073329 /* AppDelegate.swift in Sources */ = {isa = PBXBuildFile; fileRef = 992AC4911E9BF0BA00073329 /* AppDelegate.swift */; };
		992AC4971E9BF0BA00073329 /* Main.storyboard in Resources */ = {isa = PBXBuildFile; fileRef = 992AC4951E9BF0BA00073329 /* Main.storyboard */; };
		992AC4991E9BF0BA00073329 /* Assets.xcassets in Resources */ = {isa = PBXBuildFile; fileRef = 992AC4981E9BF0BA00073329 /* Assets.xcassets */; };
		992AC49C1E9BF0BA00073329 /* LaunchScreen.storyboard in Resources */ = {isa = PBXBuildFile; fileRef = 992AC49A1E9BF0BA00073329 /* LaunchScreen.storyboard */; };
		992AC4A81E9BF1B200073329 /* Player.swift in Sources */ = {isa = PBXBuildFile; fileRef = 992AC4A71E9BF1B200073329 /* Player.swift */; };
		992AC4AA1E9BF1D600073329 /* Game.swift in Sources */ = {isa = PBXBuildFile; fileRef = 992AC4A91E9BF1D600073329 /* Game.swift */; };
		992AC4AC1E9BF1E300073329 /* Team.swift in Sources */ = {isa = PBXBuildFile; fileRef = 992AC4AB1E9BF1E300073329 /* Team.swift */; };
		992AC4AF1E9BF7EA00073329 /* TeamTableViewCell.swift in Sources */ = {isa = PBXBuildFile; fileRef = 992AC4AD1E9BF7EA00073329 /* TeamTableViewCell.swift */; };
		992AC4B01E9BF7EA00073329 /* TeamTableViewCell.xib in Resources */ = {isa = PBXBuildFile; fileRef = 992AC4AE1E9BF7EA00073329 /* TeamTableViewCell.xib */; };
		99E4EDF71E9EEEE3009BDB8E /* ActivePlayerCollectionCell.swift in Sources */ = {isa = PBXBuildFile; fileRef = 99E4EDF51E9EEEE3009BDB8E /* ActivePlayerCollectionCell.swift */; };
		99E4EDF81E9EEEE3009BDB8E /* ActivePlayerCollectionCell.xib in Resources */ = {isa = PBXBuildFile; fileRef = 99E4EDF61E9EEEE3009BDB8E /* ActivePlayerCollectionCell.xib */; };
		C052DE951E9DD713003E65AC /* GameViewController.swift in Sources */ = {isa = PBXBuildFile; fileRef = C052DE941E9DD713003E65AC /* GameViewController.swift */; };
		C052DEA71E9F48B2003E65AC /* BenchCollectionHeaderView.swift in Sources */ = {isa = PBXBuildFile; fileRef = C052DEA61E9F48B2003E65AC /* BenchCollectionHeaderView.swift */; };
		C0C36A9E1E9C32E60085DD43 /* PlayerTableCell.swift in Sources */ = {isa = PBXBuildFile; fileRef = C0C36A9C1E9C32E50085DD43 /* PlayerTableCell.swift */; };
		C0C36A9F1E9C32E60085DD43 /* PlayerTableCell.xib in Resources */ = {isa = PBXBuildFile; fileRef = C0C36A9D1E9C32E50085DD43 /* PlayerTableCell.xib */; };
		C0C36AA11E9C44EA0085DD43 /* TeamRosterViewController.swift in Sources */ = {isa = PBXBuildFile; fileRef = C0C36AA01E9C44EA0085DD43 /* TeamRosterViewController.swift */; };
/* End PBXBuildFile section */

/* Begin PBXFileReference section */
		622CA4BF1E9C59870081C011 /* NewPlayerViewController.swift */ = {isa = PBXFileReference; fileEncoding = 4; lastKnownFileType = sourcecode.swift; path = NewPlayerViewController.swift; sourceTree = "<group>"; };
		992AC48E1E9BF0BA00073329 /* Coach Timer.app */ = {isa = PBXFileReference; explicitFileType = wrapper.application; includeInIndex = 0; path = "Coach Timer.app"; sourceTree = BUILT_PRODUCTS_DIR; };
		992AC4911E9BF0BA00073329 /* AppDelegate.swift */ = {isa = PBXFileReference; lastKnownFileType = sourcecode.swift; path = AppDelegate.swift; sourceTree = "<group>"; };
		992AC4961E9BF0BA00073329 /* Base */ = {isa = PBXFileReference; lastKnownFileType = file.storyboard; name = Base; path = Base.lproj/Main.storyboard; sourceTree = "<group>"; };
		992AC4981E9BF0BA00073329 /* Assets.xcassets */ = {isa = PBXFileReference; lastKnownFileType = folder.assetcatalog; path = Assets.xcassets; sourceTree = "<group>"; };
		992AC49B1E9BF0BA00073329 /* Base */ = {isa = PBXFileReference; lastKnownFileType = file.storyboard; name = Base; path = Base.lproj/LaunchScreen.storyboard; sourceTree = "<group>"; };
		992AC49D1E9BF0BA00073329 /* Info.plist */ = {isa = PBXFileReference; lastKnownFileType = text.plist.xml; path = Info.plist; sourceTree = "<group>"; };
		992AC4A71E9BF1B200073329 /* Player.swift */ = {isa = PBXFileReference; fileEncoding = 4; lastKnownFileType = sourcecode.swift; path = Player.swift; sourceTree = "<group>"; };
		992AC4A91E9BF1D600073329 /* Game.swift */ = {isa = PBXFileReference; fileEncoding = 4; lastKnownFileType = sourcecode.swift; path = Game.swift; sourceTree = "<group>"; };
		992AC4AB1E9BF1E300073329 /* Team.swift */ = {isa = PBXFileReference; fileEncoding = 4; lastKnownFileType = sourcecode.swift; path = Team.swift; sourceTree = "<group>"; };
		992AC4AD1E9BF7EA00073329 /* TeamTableViewCell.swift */ = {isa = PBXFileReference; fileEncoding = 4; lastKnownFileType = sourcecode.swift; path = TeamTableViewCell.swift; sourceTree = "<group>"; };
		992AC4AE1E9BF7EA00073329 /* TeamTableViewCell.xib */ = {isa = PBXFileReference; fileEncoding = 4; lastKnownFileType = file.xib; path = TeamTableViewCell.xib; sourceTree = "<group>"; };
		99E4EDF51E9EEEE3009BDB8E /* ActivePlayerCollectionCell.swift */ = {isa = PBXFileReference; fileEncoding = 4; lastKnownFileType = sourcecode.swift; path = ActivePlayerCollectionCell.swift; sourceTree = "<group>"; };
		99E4EDF61E9EEEE3009BDB8E /* ActivePlayerCollectionCell.xib */ = {isa = PBXFileReference; fileEncoding = 4; lastKnownFileType = file.xib; path = ActivePlayerCollectionCell.xib; sourceTree = "<group>"; };
		C052DE941E9DD713003E65AC /* GameViewController.swift */ = {isa = PBXFileReference; fileEncoding = 4; lastKnownFileType = sourcecode.swift; path = GameViewController.swift; sourceTree = "<group>"; };
		C052DEA61E9F48B2003E65AC /* BenchCollectionHeaderView.swift */ = {isa = PBXFileReference; fileEncoding = 4; lastKnownFileType = sourcecode.swift; path = BenchCollectionHeaderView.swift; sourceTree = "<group>"; };
		C0C36A9C1E9C32E50085DD43 /* PlayerTableCell.swift */ = {isa = PBXFileReference; fileEncoding = 4; lastKnownFileType = sourcecode.swift; path = PlayerTableCell.swift; sourceTree = "<group>"; };
		C0C36A9D1E9C32E50085DD43 /* PlayerTableCell.xib */ = {isa = PBXFileReference; fileEncoding = 4; lastKnownFileType = file.xib; path = PlayerTableCell.xib; sourceTree = "<group>"; };
		C0C36AA01E9C44EA0085DD43 /* TeamRosterViewController.swift */ = {isa = PBXFileReference; fileEncoding = 4; lastKnownFileType = sourcecode.swift; path = TeamRosterViewController.swift; sourceTree = "<group>"; };
/* End PBXFileReference section */

/* Begin PBXFrameworksBuildPhase section */
		992AC48B1E9BF0BA00073329 /* Frameworks */ = {
			isa = PBXFrameworksBuildPhase;
			buildActionMask = 2147483647;
			files = (
			);
			runOnlyForDeploymentPostprocessing = 0;
		};
/* End PBXFrameworksBuildPhase section */

/* Begin PBXGroup section */
		992AC4851E9BF0BA00073329 = {
			isa = PBXGroup;
			children = (
				992AC4901E9BF0BA00073329 /* Coach Timer */,
				992AC48F1E9BF0BA00073329 /* Products */,
			);
			sourceTree = "<group>";
		};
		992AC48F1E9BF0BA00073329 /* Products */ = {
			isa = PBXGroup;
			children = (
				992AC48E1E9BF0BA00073329 /* Coach Timer.app */,
			);
			name = Products;
			sourceTree = "<group>";
		};
		992AC4901E9BF0BA00073329 /* Coach Timer */ = {
			isa = PBXGroup;
			children = (
				992AC4A51E9BF10E00073329 /* Controller */,
				992AC4A41E9BF0FF00073329 /* Views */,
				992AC4A31E9BF0E900073329 /* Model */,
				992AC49D1E9BF0BA00073329 /* Info.plist */,
				992AC4A61E9BF11C00073329 /* Support */,
			);
			path = "Coach Timer";
			sourceTree = "<group>";
		};
		992AC4A31E9BF0E900073329 /* Model */ = {
			isa = PBXGroup;
			children = (
				992AC4A71E9BF1B200073329 /* Player.swift */,
				992AC4A91E9BF1D600073329 /* Game.swift */,
				992AC4AB1E9BF1E300073329 /* Team.swift */,
			);
			name = Model;
			sourceTree = "<group>";
		};
		992AC4A41E9BF0FF00073329 /* Views */ = {
			isa = PBXGroup;
			children = (
				992AC4951E9BF0BA00073329 /* Main.storyboard */,
				C052DEA61E9F48B2003E65AC /* BenchCollectionHeaderView.swift */,
				992AC4981E9BF0BA00073329 /* Assets.xcassets */,
				99E4EDF51E9EEEE3009BDB8E /* ActivePlayerCollectionCell.swift */,
				99E4EDF61E9EEEE3009BDB8E /* ActivePlayerCollectionCell.xib */,
				C0C36A9C1E9C32E50085DD43 /* PlayerTableCell.swift */,
				C0C36A9D1E9C32E50085DD43 /* PlayerTableCell.xib */,
				992AC4AD1E9BF7EA00073329 /* TeamTableViewCell.swift */,
				992AC4AE1E9BF7EA00073329 /* TeamTableViewCell.xib */,
				992AC49A1E9BF0BA00073329 /* LaunchScreen.storyboard */,
			);
			name = Views;
			sourceTree = "<group>";
		};
		992AC4A51E9BF10E00073329 /* Controller */ = {
			isa = PBXGroup;
			children = (
				622CA4BF1E9C59870081C011 /* NewPlayerViewController.swift */,
				C0C36AA01E9C44EA0085DD43 /* TeamRosterViewController.swift */,
				C052DE941E9DD713003E65AC /* GameViewController.swift */,
			);
			name = Controller;
			sourceTree = "<group>";
		};
		992AC4A61E9BF11C00073329 /* Support */ = {
			isa = PBXGroup;
			children = (
				992AC4911E9BF0BA00073329 /* AppDelegate.swift */,
			);
			name = Support;
			sourceTree = "<group>";
		};
/* End PBXGroup section */

/* Begin PBXNativeTarget section */
		992AC48D1E9BF0BA00073329 /* Coach Timer */ = {
			isa = PBXNativeTarget;
			buildConfigurationList = 992AC4A01E9BF0BA00073329 /* Build configuration list for PBXNativeTarget "Coach Timer" */;
			buildPhases = (
				992AC48A1E9BF0BA00073329 /* Sources */,
				992AC48B1E9BF0BA00073329 /* Frameworks */,
				992AC48C1E9BF0BA00073329 /* Resources */,
			);
			buildRules = (
			);
			dependencies = (
			);
			name = "Coach Timer";
			productName = "Coach Timer";
			productReference = 992AC48E1E9BF0BA00073329 /* Coach Timer.app */;
			productType = "com.apple.product-type.application";
		};
/* End PBXNativeTarget section */

/* Begin PBXProject section */
		992AC4861E9BF0BA00073329 /* Project object */ = {
			isa = PBXProject;
			attributes = {
				LastSwiftUpdateCheck = 0820;
				LastUpgradeCheck = 0820;
				ORGANIZATIONNAME = "Put Us In Coach";
				TargetAttributes = {
					992AC48D1E9BF0BA00073329 = {
						CreatedOnToolsVersion = 8.2.1;
						DevelopmentTeam = ET5G9C3LZM;
						ProvisioningStyle = Automatic;
					};
				};
			};
			buildConfigurationList = 992AC4891E9BF0BA00073329 /* Build configuration list for PBXProject "Coach Timer" */;
			compatibilityVersion = "Xcode 3.2";
			developmentRegion = English;
			hasScannedForEncodings = 0;
			knownRegions = (
				en,
				Base,
			);
			mainGroup = 992AC4851E9BF0BA00073329;
			productRefGroup = 992AC48F1E9BF0BA00073329 /* Products */;
			projectDirPath = "";
			projectRoot = "";
			targets = (
				992AC48D1E9BF0BA00073329 /* Coach Timer */,
			);
		};
/* End PBXProject section */

/* Begin PBXResourcesBuildPhase section */
		992AC48C1E9BF0BA00073329 /* Resources */ = {
			isa = PBXResourcesBuildPhase;
			buildActionMask = 2147483647;
			files = (
				992AC4B01E9BF7EA00073329 /* TeamTableViewCell.xib in Resources */,
				992AC49C1E9BF0BA00073329 /* LaunchScreen.storyboard in Resources */,
				992AC4991E9BF0BA00073329 /* Assets.xcassets in Resources */,
				992AC4971E9BF0BA00073329 /* Main.storyboard in Resources */,
				99E4EDF81E9EEEE3009BDB8E /* ActivePlayerCollectionCell.xib in Resources */,
				C0C36A9F1E9C32E60085DD43 /* PlayerTableCell.xib in Resources */,
			);
			runOnlyForDeploymentPostprocessing = 0;
		};
/* End PBXResourcesBuildPhase section */

/* Begin PBXSourcesBuildPhase section */
		992AC48A1E9BF0BA00073329 /* Sources */ = {
			isa = PBXSourcesBuildPhase;
			buildActionMask = 2147483647;
			files = (
				992AC4A81E9BF1B200073329 /* Player.swift in Sources */,
				992AC4921E9BF0BA00073329 /* AppDelegate.swift in Sources */,
				992AC4AC1E9BF1E300073329 /* Team.swift in Sources */,
				992AC4AF1E9BF7EA00073329 /* TeamTableViewCell.swift in Sources */,
				C052DE951E9DD713003E65AC /* GameViewController.swift in Sources */,
				992AC4AA1E9BF1D600073329 /* Game.swift in Sources */,
				C0C36AA11E9C44EA0085DD43 /* TeamRosterViewController.swift in Sources */,
				99E4EDF71E9EEEE3009BDB8E /* ActivePlayerCollectionCell.swift in Sources */,
				622CA4C01E9C59870081C011 /* NewPlayerViewController.swift in Sources */,
				C052DEA71E9F48B2003E65AC /* BenchCollectionHeaderView.swift in Sources */,
				C0C36A9E1E9C32E60085DD43 /* PlayerTableCell.swift in Sources */,
			);
			runOnlyForDeploymentPostprocessing = 0;
		};
/* End PBXSourcesBuildPhase section */

/* Begin PBXVariantGroup section */
		992AC4951E9BF0BA00073329 /* Main.storyboard */ = {
			isa = PBXVariantGroup;
			children = (
				992AC4961E9BF0BA00073329 /* Base */,
			);
			name = Main.storyboard;
			sourceTree = "<group>";
		};
		992AC49A1E9BF0BA00073329 /* LaunchScreen.storyboard */ = {
			isa = PBXVariantGroup;
			children = (
				992AC49B1E9BF0BA00073329 /* Base */,
			);
			name = LaunchScreen.storyboard;
			sourceTree = "<group>";
		};
/* End PBXVariantGroup section */

/* Begin XCBuildConfiguration section */
		992AC49E1E9BF0BA00073329 /* Debug */ = {
			isa = XCBuildConfiguration;
			buildSettings = {
				ALWAYS_SEARCH_USER_PATHS = NO;
				CLANG_ANALYZER_NONNULL = YES;
				CLANG_CXX_LANGUAGE_STANDARD = "gnu++0x";
				CLANG_CXX_LIBRARY = "libc++";
				CLANG_ENABLE_MODULES = YES;
				CLANG_ENABLE_OBJC_ARC = YES;
				CLANG_WARN_BOOL_CONVERSION = YES;
				CLANG_WARN_CONSTANT_CONVERSION = YES;
				CLANG_WARN_DIRECT_OBJC_ISA_USAGE = YES_ERROR;
				CLANG_WARN_DOCUMENTATION_COMMENTS = YES;
				CLANG_WARN_EMPTY_BODY = YES;
				CLANG_WARN_ENUM_CONVERSION = YES;
				CLANG_WARN_INFINITE_RECURSION = YES;
				CLANG_WARN_INT_CONVERSION = YES;
				CLANG_WARN_OBJC_ROOT_CLASS = YES_ERROR;
				CLANG_WARN_SUSPICIOUS_MOVE = YES;
				CLANG_WARN_UNREACHABLE_CODE = YES;
				CLANG_WARN__DUPLICATE_METHOD_MATCH = YES;
				"CODE_SIGN_IDENTITY[sdk=iphoneos*]" = "iPhone Developer";
				COPY_PHASE_STRIP = NO;
				DEBUG_INFORMATION_FORMAT = dwarf;
				ENABLE_STRICT_OBJC_MSGSEND = YES;
				ENABLE_TESTABILITY = YES;
				GCC_C_LANGUAGE_STANDARD = gnu99;
				GCC_DYNAMIC_NO_PIC = NO;
				GCC_NO_COMMON_BLOCKS = YES;
				GCC_OPTIMIZATION_LEVEL = 0;
				GCC_PREPROCESSOR_DEFINITIONS = (
					"DEBUG=1",
					"$(inherited)",
				);
				GCC_WARN_64_TO_32_BIT_CONVERSION = YES;
				GCC_WARN_ABOUT_RETURN_TYPE = YES_ERROR;
				GCC_WARN_UNDECLARED_SELECTOR = YES;
				GCC_WARN_UNINITIALIZED_AUTOS = YES_AGGRESSIVE;
				GCC_WARN_UNUSED_FUNCTION = YES;
				GCC_WARN_UNUSED_VARIABLE = YES;
				IPHONEOS_DEPLOYMENT_TARGET = 10.2;
				MTL_ENABLE_DEBUG_INFO = YES;
				ONLY_ACTIVE_ARCH = YES;
				SDKROOT = iphoneos;
				SWIFT_ACTIVE_COMPILATION_CONDITIONS = DEBUG;
				SWIFT_OPTIMIZATION_LEVEL = "-Onone";
				TARGETED_DEVICE_FAMILY = "1,2";
			};
			name = Debug;
		};
		992AC49F1E9BF0BA00073329 /* Release */ = {
			isa = XCBuildConfiguration;
			buildSettings = {
				ALWAYS_SEARCH_USER_PATHS = NO;
				CLANG_ANALYZER_NONNULL = YES;
				CLANG_CXX_LANGUAGE_STANDARD = "gnu++0x";
				CLANG_CXX_LIBRARY = "libc++";
				CLANG_ENABLE_MODULES = YES;
				CLANG_ENABLE_OBJC_ARC = YES;
				CLANG_WARN_BOOL_CONVERSION = YES;
				CLANG_WARN_CONSTANT_CONVERSION = YES;
				CLANG_WARN_DIRECT_OBJC_ISA_USAGE = YES_ERROR;
				CLANG_WARN_DOCUMENTATION_COMMENTS = YES;
				CLANG_WARN_EMPTY_BODY = YES;
				CLANG_WARN_ENUM_CONVERSION = YES;
				CLANG_WARN_INFINITE_RECURSION = YES;
				CLANG_WARN_INT_CONVERSION = YES;
				CLANG_WARN_OBJC_ROOT_CLASS = YES_ERROR;
				CLANG_WARN_SUSPICIOUS_MOVE = YES;
				CLANG_WARN_UNREACHABLE_CODE = YES;
				CLANG_WARN__DUPLICATE_METHOD_MATCH = YES;
				"CODE_SIGN_IDENTITY[sdk=iphoneos*]" = "iPhone Developer";
				COPY_PHASE_STRIP = NO;
				DEBUG_INFORMATION_FORMAT = "dwarf-with-dsym";
				ENABLE_NS_ASSERTIONS = NO;
				ENABLE_STRICT_OBJC_MSGSEND = YES;
				GCC_C_LANGUAGE_STANDARD = gnu99;
				GCC_NO_COMMON_BLOCKS = YES;
				GCC_WARN_64_TO_32_BIT_CONVERSION = YES;
				GCC_WARN_ABOUT_RETURN_TYPE = YES_ERROR;
				GCC_WARN_UNDECLARED_SELECTOR = YES;
				GCC_WARN_UNINITIALIZED_AUTOS = YES_AGGRESSIVE;
				GCC_WARN_UNUSED_FUNCTION = YES;
				GCC_WARN_UNUSED_VARIABLE = YES;
				IPHONEOS_DEPLOYMENT_TARGET = 10.2;
				MTL_ENABLE_DEBUG_INFO = NO;
				SDKROOT = iphoneos;
				SWIFT_OPTIMIZATION_LEVEL = "-Owholemodule";
				TARGETED_DEVICE_FAMILY = "1,2";
				VALIDATE_PRODUCT = YES;
			};
			name = Release;
		};
		992AC4A11E9BF0BA00073329 /* Debug */ = {
			isa = XCBuildConfiguration;
			buildSettings = {
				ASSETCATALOG_COMPILER_APPICON_NAME = AppIcon;
				DEVELOPMENT_TEAM = ET5G9C3LZM;
				INFOPLIST_FILE = "Coach Timer/Info.plist";
				IPHONEOS_DEPLOYMENT_TARGET = 10.3;
				LD_RUNPATH_SEARCH_PATHS = "$(inherited) @executable_path/Frameworks";
				PRODUCT_BUNDLE_IDENTIFIER = "com.putUsInCoach.Coach-Timer";
				PRODUCT_NAME = "$(TARGET_NAME)";
				SWIFT_VERSION = 3.0;
			};
			name = Debug;
		};
		992AC4A21E9BF0BA00073329 /* Release */ = {
			isa = XCBuildConfiguration;
			buildSettings = {
				ASSETCATALOG_COMPILER_APPICON_NAME = AppIcon;
				DEVELOPMENT_TEAM = ET5G9C3LZM;
				INFOPLIST_FILE = "Coach Timer/Info.plist";
				IPHONEOS_DEPLOYMENT_TARGET = 10.3;
				LD_RUNPATH_SEARCH_PATHS = "$(inherited) @executable_path/Frameworks";
				PRODUCT_BUNDLE_IDENTIFIER = "com.putUsInCoach.Coach-Timer";
				PRODUCT_NAME = "$(TARGET_NAME)";
				SWIFT_VERSION = 3.0;
			};
			name = Release;
		};
/* End XCBuildConfiguration section */

/* Begin XCConfigurationList section */
		992AC4891E9BF0BA00073329 /* Build configuration list for PBXProject "Coach Timer" */ = {
			isa = XCConfigurationList;
			buildConfigurations = (
				992AC49E1E9BF0BA00073329 /* Debug */,
				992AC49F1E9BF0BA00073329 /* Release */,
			);
			defaultConfigurationIsVisible = 0;
			defaultConfigurationName = Release;
		};
		992AC4A01E9BF0BA00073329 /* Build configuration list for PBXNativeTarget "Coach Timer" */ = {
			isa = XCConfigurationList;
			buildConfigurations = (
				992AC4A11E9BF0BA00073329 /* Debug */,
				992AC4A21E9BF0BA00073329 /* Release */,
			);
			defaultConfigurationIsVisible = 0;
			defaultConfigurationName = Release;
		};
/* End XCConfigurationList section */
	};
	rootObject = 992AC4861E9BF0BA00073329 /* Project object */;
}
